
Microsoft Visual Studio Solution File, Format Version 12.00
# Visual Studio Version 16
VisualStudioVersion = 16.0.31019.35
MinimumVisualStudioVersion = 10.0.40219.1
Project("{FAE04EC0-301F-11D3-BF4B-00C04F79EFBC}") = "SignalRNewtonsoftJson", "SignalRNewtonsoftJson.csproj", "{6C36D0B2-D14E-47BB-8F13-92458E2696F8}"
EndProject
Project("{FAE04EC0-301F-11D3-BF4B-00C04F79EFBC}") = "Client", "..\Client\Client.csproj", "{D9C36786-6643-4491-8437-EBB308846655}"
EndProject
Global
	GlobalSection(SolutionConfigurationPlatforms) = preSolution
		Debug|Any CPU = Debug|Any CPU
		Release|Any CPU = Release|Any CPU
	EndGlobalSection
	GlobalSection(ProjectConfigurationPlatforms) = postSolution
		{6C36D0B2-D14E-47BB-8F13-92458E2696F8}.Debug|Any CPU.ActiveCfg = Debug|Any CPU
		{6C36D0B2-D14E-47BB-8F13-92458E2696F8}.Debug|Any CPU.Build.0 = Debug|Any CPU
		{6C36D0B2-D14E-47BB-8F13-92458E2696F8}.Release|Any CPU.ActiveCfg = Release|Any CPU
		{6C36D0B2-D14E-47BB-8F13-92458E2696F8}.Release|Any CPU.Build.0 = Release|Any CPU
		{D9C36786-6643-4491-8437-EBB308846655}.Debug|Any CPU.ActiveCfg = Debug|Any CPU
		{D9C36786-6643-4491-8437-EBB308846655}.Debug|Any CPU.Build.0 = Debug|Any CPU
		{D9C36786-6643-4491-8437-EBB308846655}.Release|Any CPU.ActiveCfg = Release|Any CPU
		{D9C36786-6643-4491-8437-EBB308846655}.Release|Any CPU.Build.0 = Release|Any CPU
	EndGlobalSection
	GlobalSection(SolutionProperties) = preSolution
		HideSolutionNode = FALSE
	EndGlobalSection
	GlobalSection(ExtensibilityGlobals) = postSolution
		SolutionGuid = {841D42D7-272F-4516-B504-554BC93DDA58}
	EndGlobalSection
EndGlobal
